
Microsoft Visual Studio Solution File, Format Version 12.00
# Visual Studio Version 17
VisualStudioVersion = 17.3.32901.215
MinimumVisualStudioVersion = 10.0.40219.1
Project("{FAE04EC0-301F-11D3-BF4B-00C04F79EFBC}") = "JosefinsCodingChallenge", "JosefinsCodingChallenge\JosefinsCodingChallenge.csproj", "{8BB74465-8229-4EF0-B52A-921BE75ED3D1}"
EndProject
Global
	GlobalSection(SolutionConfigurationPlatforms) = preSolution
		Debug|Any CPU = Debug|Any CPU
		Release|Any CPU = Release|Any CPU
	EndGlobalSection
	GlobalSection(ProjectConfigurationPlatforms) = postSolution
		{8BB74465-8229-4EF0-B52A-921BE75ED3D1}.Debug|Any CPU.ActiveCfg = Debug|Any CPU
		{8BB74465-8229-4EF0-B52A-921BE75ED3D1}.Debug|Any CPU.Build.0 = Debug|Any CPU
		{8BB74465-8229-4EF0-B52A-921BE75ED3D1}.Release|Any CPU.ActiveCfg = Release|Any CPU
		{8BB74465-8229-4EF0-B52A-921BE75ED3D1}.Release|Any CPU.Build.0 = Release|Any CPU
	EndGlobalSection
	GlobalSection(SolutionProperties) = preSolution
		HideSolutionNode = FALSE
	EndGlobalSection
	GlobalSection(ExtensibilityGlobals) = postSolution
		SolutionGuid = {DF7B055C-F36E-4EB1-A74E-073F0CE7D5AC}
	EndGlobalSection
EndGlobal
